// !$*UTF8*$!
{
	archiveVersion = 1;
	classes = {
	};
	objectVersion = 56;
	objects = {

/* Begin PBXBuildFile section */
		3005B8A12C00F0F600A53B5D /* WardrobeItemView.swift in Sources */ = {isa = PBXBuildFile; fileRef = 3005B8A02C00F0F600A53B5D /* WardrobeItemView.swift */; };
		3005B8A42C00F90D00A53B5D /* FavoritesView.swift in Sources */ = {isa = PBXBuildFile; fileRef = 3005B8A32C00F90D00A53B5D /* FavoritesView.swift */; };
		3009E3C32BC42F7A00A1F827 /* SettingsView.swift in Sources */ = {isa = PBXBuildFile; fileRef = 3009E3C22BC42F7A00A1F827 /* SettingsView.swift */; };
		3026310D2C0256B200FCE669 /* WardrobeFiltersView.swift in Sources */ = {isa = PBXBuildFile; fileRef = 3026310C2C0256B200FCE669 /* WardrobeFiltersView.swift */; };
		302631112C02593500FCE669 /* FavoritesFiltersView.swift in Sources */ = {isa = PBXBuildFile; fileRef = 302631102C02593500FCE669 /* FavoritesFiltersView.swift */; };
		30438F6E2BF90DCE00A9BDB9 /* OutfitPickerView.swift in Sources */ = {isa = PBXBuildFile; fileRef = 30438F6D2BF90DCE00A9BDB9 /* OutfitPickerView.swift */; };
		30438F702BF9117900A9BDB9 /* WardrobeItem.swift in Sources */ = {isa = PBXBuildFile; fileRef = 30438F6F2BF9117900A9BDB9 /* WardrobeItem.swift */; };
		30438F742BF9124600A9BDB9 /* WardrobeItemPickerView.swift in Sources */ = {isa = PBXBuildFile; fileRef = 30438F732BF9124600A9BDB9 /* WardrobeItemPickerView.swift */; };
		304E4DA42BC6D7BF00C611D7 /* Features.plist in Resources */ = {isa = PBXBuildFile; fileRef = 304E4DA32BC6D7BF00C611D7 /* Features.plist */; };
		304E4DA62BC6D80300C611D7 /* FeatureFlags.swift in Sources */ = {isa = PBXBuildFile; fileRef = 304E4DA52BC6D80300C611D7 /* FeatureFlags.swift */; };
		304E4DA92BC6D8BF00C611D7 /* Features.swift in Sources */ = {isa = PBXBuildFile; fileRef = 304E4DA82BC6D8BF00C611D7 /* Features.swift */; };
		304E4DAB2BC6DCD100C611D7 /* User.swift in Sources */ = {isa = PBXBuildFile; fileRef = 304E4DAA2BC6DCD100C611D7 /* User.swift */; };
		3060F10D2BC2A73D00C78882 /* WardrobeApp.swift in Sources */ = {isa = PBXBuildFile; fileRef = 3060F10C2BC2A73D00C78882 /* WardrobeApp.swift */; };
		3060F10F2BC2A73D00C78882 /* ContentView.swift in Sources */ = {isa = PBXBuildFile; fileRef = 3060F10E2BC2A73D00C78882 /* ContentView.swift */; };
		3060F1112BC2A73E00C78882 /* Assets.xcassets in Resources */ = {isa = PBXBuildFile; fileRef = 3060F1102BC2A73E00C78882 /* Assets.xcassets */; };
		3060F1142BC2A73E00C78882 /* Preview Assets.xcassets in Resources */ = {isa = PBXBuildFile; fileRef = 3060F1132BC2A73E00C78882 /* Preview Assets.xcassets */; };
		3060F11E2BC2A73E00C78882 /* WardrobeTests.swift in Sources */ = {isa = PBXBuildFile; fileRef = 3060F11D2BC2A73E00C78882 /* WardrobeTests.swift */; };
		3060F1282BC2A73E00C78882 /* WardrobeUITests.swift in Sources */ = {isa = PBXBuildFile; fileRef = 3060F1272BC2A73E00C78882 /* WardrobeUITests.swift */; };
		3060F12A2BC2A73E00C78882 /* WardrobeUITestsLaunchTests.swift in Sources */ = {isa = PBXBuildFile; fileRef = 3060F1292BC2A73E00C78882 /* WardrobeUITestsLaunchTests.swift */; };
		3060F13B2BC2A97200C78882 /* GoogleService-Info.plist in Resources */ = {isa = PBXBuildFile; fileRef = 3060F13A2BC2A97200C78882 /* GoogleService-Info.plist */; };
		3060F13E2BC2AADB00C78882 /* FirebaseAnalyticsWithoutAdIdSupport in Frameworks */ = {isa = PBXBuildFile; productRef = 3060F13D2BC2AADB00C78882 /* FirebaseAnalyticsWithoutAdIdSupport */; };
		3060F1402BC2AADB00C78882 /* FirebaseAuth in Frameworks */ = {isa = PBXBuildFile; productRef = 3060F13F2BC2AADB00C78882 /* FirebaseAuth */; };
		3060F1422BC2AADB00C78882 /* FirebaseCrashlytics in Frameworks */ = {isa = PBXBuildFile; productRef = 3060F1412BC2AADB00C78882 /* FirebaseCrashlytics */; };
		3060F1442BC2AADB00C78882 /* FirebaseFirestore in Frameworks */ = {isa = PBXBuildFile; productRef = 3060F1432BC2AADB00C78882 /* FirebaseFirestore */; };
		3060F1462BC2AADB00C78882 /* FirebaseFirestoreSwift in Frameworks */ = {isa = PBXBuildFile; productRef = 3060F1452BC2AADB00C78882 /* FirebaseFirestoreSwift */; };
		3060F1482BC2AADB00C78882 /* FirebasePerformance in Frameworks */ = {isa = PBXBuildFile; productRef = 3060F1472BC2AADB00C78882 /* FirebasePerformance */; };
		3060F14A2BC2AADB00C78882 /* FirebaseStorage in Frameworks */ = {isa = PBXBuildFile; productRef = 3060F1492BC2AADB00C78882 /* FirebaseStorage */; };
		3060F14E2BC2AE2F00C78882 /* AuthService.swift in Sources */ = {isa = PBXBuildFile; fileRef = 3060F14D2BC2AE2F00C78882 /* AuthService.swift */; };
		3060F1522BC2B07300C78882 /* LoginView.swift in Sources */ = {isa = PBXBuildFile; fileRef = 3060F1512BC2B07300C78882 /* LoginView.swift */; };
		3060F1542BC2B68800C78882 /* Localizable.xcstrings in Resources */ = {isa = PBXBuildFile; fileRef = 3060F1532BC2B68800C78882 /* Localizable.xcstrings */; };
		3060F1572BC2B8F400C78882 /* Color.swift in Sources */ = {isa = PBXBuildFile; fileRef = 3060F1562BC2B8F400C78882 /* Color.swift */; };
		3060F15A2BC2BE2700C78882 /* SignupView.swift in Sources */ = {isa = PBXBuildFile; fileRef = 3060F1592BC2BE2700C78882 /* SignupView.swift */; };
		3060F15C2BC2C08700C78882 /* SignupViewModel.swift in Sources */ = {isa = PBXBuildFile; fileRef = 3060F15B2BC2C08700C78882 /* SignupViewModel.swift */; };
		3060F15F2BC2C7F700C78882 /* AuthView.swift in Sources */ = {isa = PBXBuildFile; fileRef = 3060F15E2BC2C7F700C78882 /* AuthView.swift */; };
		309653C72BCA8E68002952C9 /* AccountInformationView.swift in Sources */ = {isa = PBXBuildFile; fileRef = 309653C62BCA8E68002952C9 /* AccountInformationView.swift */; };
		309653C92BCA9015002952C9 /* DataUsageSettingsView.swift in Sources */ = {isa = PBXBuildFile; fileRef = 309653C82BCA9015002952C9 /* DataUsageSettingsView.swift */; };
		309653CB2BCA9042002952C9 /* AppearanceSettingsView.swift in Sources */ = {isa = PBXBuildFile; fileRef = 309653CA2BCA9042002952C9 /* AppearanceSettingsView.swift */; };
		309653CD2BCA9052002952C9 /* NotificationsSettingsView.swift in Sources */ = {isa = PBXBuildFile; fileRef = 309653CC2BCA9052002952C9 /* NotificationsSettingsView.swift */; };
		309653CF2BCA9B7B002952C9 /* AccountDeletionView.swift in Sources */ = {isa = PBXBuildFile; fileRef = 309653CE2BCA9B7B002952C9 /* AccountDeletionView.swift */; };
		309653D32BCA9DC8002952C9 /* PrimaryDestructiveButton.swift in Sources */ = {isa = PBXBuildFile; fileRef = 309653D22BCA9DC8002952C9 /* PrimaryDestructiveButton.swift */; };
		309653D52BCAA092002952C9 /* SecondaryCancelButton.swift in Sources */ = {isa = PBXBuildFile; fileRef = 309653D42BCAA092002952C9 /* SecondaryCancelButton.swift */; };
		309653D82BCAA1B2002952C9 /* AccountChangePasswordView.swift in Sources */ = {isa = PBXBuildFile; fileRef = 309653D72BCAA1B2002952C9 /* AccountChangePasswordView.swift */; };
		309653DA2BCAA386002952C9 /* PrimaryConfirmButton.swift in Sources */ = {isa = PBXBuildFile; fileRef = 309653D92BCAA386002952C9 /* PrimaryConfirmButton.swift */; };
		30A7E69C2BFA79AD00953F2E /* WardrobeError.swift in Sources */ = {isa = PBXBuildFile; fileRef = 30A7E69B2BFA79AD00953F2E /* WardrobeError.swift */; };
		30DE26572BFA3F1900FF9829 /* WardrobeItemCategory.swift in Sources */ = {isa = PBXBuildFile; fileRef = 30DE26562BFA3F1900FF9829 /* WardrobeItemCategory.swift */; };
		30DE26592BFA405A00FF9829 /* WardrobeItemSeason.swift in Sources */ = {isa = PBXBuildFile; fileRef = 30DE26582BFA405A00FF9829 /* WardrobeItemSeason.swift */; };
		30DE265B2BFA440C00FF9829 /* PrimaryConfirmButtonFullWidth.swift in Sources */ = {isa = PBXBuildFile; fileRef = 30DE265A2BFA440C00FF9829 /* PrimaryConfirmButtonFullWidth.swift */; };
/* End PBXBuildFile section */

/* Begin PBXContainerItemProxy section */
		3060F11A2BC2A73E00C78882 /* PBXContainerItemProxy */ = {
			isa = PBXContainerItemProxy;
			containerPortal = 3060F1012BC2A73D00C78882 /* Project object */;
			proxyType = 1;
			remoteGlobalIDString = 3060F1082BC2A73D00C78882;
			remoteInfo = Wardrobe;
		};
		3060F1242BC2A73E00C78882 /* PBXContainerItemProxy */ = {
			isa = PBXContainerItemProxy;
			containerPortal = 3060F1012BC2A73D00C78882 /* Project object */;
			proxyType = 1;
			remoteGlobalIDString = 3060F1082BC2A73D00C78882;
			remoteInfo = Wardrobe;
		};
/* End PBXContainerItemProxy section */

/* Begin PBXFileReference section */
		3005B8A02C00F0F600A53B5D /* WardrobeItemView.swift */ = {isa = PBXFileReference; lastKnownFileType = sourcecode.swift; path = WardrobeItemView.swift; sourceTree = "<group>"; };
		3005B8A32C00F90D00A53B5D /* FavoritesView.swift */ = {isa = PBXFileReference; lastKnownFileType = sourcecode.swift; path = FavoritesView.swift; sourceTree = "<group>"; };
		3009E3C22BC42F7A00A1F827 /* SettingsView.swift */ = {isa = PBXFileReference; lastKnownFileType = sourcecode.swift; path = SettingsView.swift; sourceTree = "<group>"; };
		3026310C2C0256B200FCE669 /* WardrobeFiltersView.swift */ = {isa = PBXFileReference; lastKnownFileType = sourcecode.swift; path = WardrobeFiltersView.swift; sourceTree = "<group>"; };
		302631102C02593500FCE669 /* FavoritesFiltersView.swift */ = {isa = PBXFileReference; lastKnownFileType = sourcecode.swift; path = FavoritesFiltersView.swift; sourceTree = "<group>"; };
		30438F6D2BF90DCE00A9BDB9 /* OutfitPickerView.swift */ = {isa = PBXFileReference; lastKnownFileType = sourcecode.swift; path = OutfitPickerView.swift; sourceTree = "<group>"; };
		30438F6F2BF9117900A9BDB9 /* WardrobeItem.swift */ = {isa = PBXFileReference; lastKnownFileType = sourcecode.swift; path = WardrobeItem.swift; sourceTree = "<group>"; };
		30438F732BF9124600A9BDB9 /* WardrobeItemPickerView.swift */ = {isa = PBXFileReference; lastKnownFileType = sourcecode.swift; path = WardrobeItemPickerView.swift; sourceTree = "<group>"; };
		304E4DA32BC6D7BF00C611D7 /* Features.plist */ = {isa = PBXFileReference; lastKnownFileType = text.plist.xml; path = Features.plist; sourceTree = "<group>"; };
		304E4DA52BC6D80300C611D7 /* FeatureFlags.swift */ = {isa = PBXFileReference; lastKnownFileType = sourcecode.swift; path = FeatureFlags.swift; sourceTree = "<group>"; };
		304E4DA82BC6D8BF00C611D7 /* Features.swift */ = {isa = PBXFileReference; lastKnownFileType = sourcecode.swift; path = Features.swift; sourceTree = "<group>"; };
		304E4DAA2BC6DCD100C611D7 /* User.swift */ = {isa = PBXFileReference; lastKnownFileType = sourcecode.swift; path = User.swift; sourceTree = "<group>"; };
		3060F1092BC2A73D00C78882 /* Wardrobe.app */ = {isa = PBXFileReference; explicitFileType = wrapper.application; includeInIndex = 0; path = Wardrobe.app; sourceTree = BUILT_PRODUCTS_DIR; };
		3060F10C2BC2A73D00C78882 /* WardrobeApp.swift */ = {isa = PBXFileReference; lastKnownFileType = sourcecode.swift; path = WardrobeApp.swift; sourceTree = "<group>"; };
		3060F10E2BC2A73D00C78882 /* ContentView.swift */ = {isa = PBXFileReference; lastKnownFileType = sourcecode.swift; path = ContentView.swift; sourceTree = "<group>"; };
		3060F1102BC2A73E00C78882 /* Assets.xcassets */ = {isa = PBXFileReference; lastKnownFileType = folder.assetcatalog; path = Assets.xcassets; sourceTree = "<group>"; };
		3060F1132BC2A73E00C78882 /* Preview Assets.xcassets */ = {isa = PBXFileReference; lastKnownFileType = folder.assetcatalog; path = "Preview Assets.xcassets"; sourceTree = "<group>"; };
		3060F1192BC2A73E00C78882 /* WardrobeTests.xctest */ = {isa = PBXFileReference; explicitFileType = wrapper.cfbundle; includeInIndex = 0; path = WardrobeTests.xctest; sourceTree = BUILT_PRODUCTS_DIR; };
		3060F11D2BC2A73E00C78882 /* WardrobeTests.swift */ = {isa = PBXFileReference; lastKnownFileType = sourcecode.swift; path = WardrobeTests.swift; sourceTree = "<group>"; };
		3060F1232BC2A73E00C78882 /* WardrobeUITests.xctest */ = {isa = PBXFileReference; explicitFileType = wrapper.cfbundle; includeInIndex = 0; path = WardrobeUITests.xctest; sourceTree = BUILT_PRODUCTS_DIR; };
		3060F1272BC2A73E00C78882 /* WardrobeUITests.swift */ = {isa = PBXFileReference; lastKnownFileType = sourcecode.swift; path = WardrobeUITests.swift; sourceTree = "<group>"; };
		3060F1292BC2A73E00C78882 /* WardrobeUITestsLaunchTests.swift */ = {isa = PBXFileReference; lastKnownFileType = sourcecode.swift; path = WardrobeUITestsLaunchTests.swift; sourceTree = "<group>"; };
		3060F13A2BC2A97200C78882 /* GoogleService-Info.plist */ = {isa = PBXFileReference; fileEncoding = 4; lastKnownFileType = text.plist.xml; path = "GoogleService-Info.plist"; sourceTree = "<group>"; };
		3060F14D2BC2AE2F00C78882 /* AuthService.swift */ = {isa = PBXFileReference; lastKnownFileType = sourcecode.swift; path = AuthService.swift; sourceTree = "<group>"; };
		3060F1512BC2B07300C78882 /* LoginView.swift */ = {isa = PBXFileReference; lastKnownFileType = sourcecode.swift; path = LoginView.swift; sourceTree = "<group>"; };
		3060F1532BC2B68800C78882 /* Localizable.xcstrings */ = {isa = PBXFileReference; lastKnownFileType = text.json.xcstrings; path = Localizable.xcstrings; sourceTree = "<group>"; };
		3060F1562BC2B8F400C78882 /* Color.swift */ = {isa = PBXFileReference; lastKnownFileType = sourcecode.swift; path = Color.swift; sourceTree = "<group>"; };
		3060F1592BC2BE2700C78882 /* SignupView.swift */ = {isa = PBXFileReference; lastKnownFileType = sourcecode.swift; path = SignupView.swift; sourceTree = "<group>"; };
		3060F15B2BC2C08700C78882 /* SignupViewModel.swift */ = {isa = PBXFileReference; lastKnownFileType = sourcecode.swift; path = SignupViewModel.swift; sourceTree = "<group>"; };
		3060F15E2BC2C7F700C78882 /* AuthView.swift */ = {isa = PBXFileReference; lastKnownFileType = sourcecode.swift; path = AuthView.swift; sourceTree = "<group>"; };
		309653C62BCA8E68002952C9 /* AccountInformationView.swift */ = {isa = PBXFileReference; lastKnownFileType = sourcecode.swift; path = AccountInformationView.swift; sourceTree = "<group>"; };
		309653C82BCA9015002952C9 /* DataUsageSettingsView.swift */ = {isa = PBXFileReference; lastKnownFileType = sourcecode.swift; path = DataUsageSettingsView.swift; sourceTree = "<group>"; };
		309653CA2BCA9042002952C9 /* AppearanceSettingsView.swift */ = {isa = PBXFileReference; lastKnownFileType = sourcecode.swift; path = AppearanceSettingsView.swift; sourceTree = "<group>"; };
		309653CC2BCA9052002952C9 /* NotificationsSettingsView.swift */ = {isa = PBXFileReference; lastKnownFileType = sourcecode.swift; path = NotificationsSettingsView.swift; sourceTree = "<group>"; };
		309653CE2BCA9B7B002952C9 /* AccountDeletionView.swift */ = {isa = PBXFileReference; lastKnownFileType = sourcecode.swift; path = AccountDeletionView.swift; sourceTree = "<group>"; };
		309653D22BCA9DC8002952C9 /* PrimaryDestructiveButton.swift */ = {isa = PBXFileReference; lastKnownFileType = sourcecode.swift; path = PrimaryDestructiveButton.swift; sourceTree = "<group>"; };
		309653D42BCAA092002952C9 /* SecondaryCancelButton.swift */ = {isa = PBXFileReference; lastKnownFileType = sourcecode.swift; path = SecondaryCancelButton.swift; sourceTree = "<group>"; };
		309653D72BCAA1B2002952C9 /* AccountChangePasswordView.swift */ = {isa = PBXFileReference; lastKnownFileType = sourcecode.swift; path = AccountChangePasswordView.swift; sourceTree = "<group>"; };
		309653D92BCAA386002952C9 /* PrimaryConfirmButton.swift */ = {isa = PBXFileReference; lastKnownFileType = sourcecode.swift; path = PrimaryConfirmButton.swift; sourceTree = "<group>"; };
		30A7E69B2BFA79AD00953F2E /* WardrobeError.swift */ = {isa = PBXFileReference; lastKnownFileType = sourcecode.swift; path = WardrobeError.swift; sourceTree = "<group>"; };
		30DE26562BFA3F1900FF9829 /* WardrobeItemCategory.swift */ = {isa = PBXFileReference; lastKnownFileType = sourcecode.swift; path = WardrobeItemCategory.swift; sourceTree = "<group>"; };
		30DE26582BFA405A00FF9829 /* WardrobeItemSeason.swift */ = {isa = PBXFileReference; lastKnownFileType = sourcecode.swift; path = WardrobeItemSeason.swift; sourceTree = "<group>"; };
		30DE265A2BFA440C00FF9829 /* PrimaryConfirmButtonFullWidth.swift */ = {isa = PBXFileReference; lastKnownFileType = sourcecode.swift; path = PrimaryConfirmButtonFullWidth.swift; sourceTree = "<group>"; };
/* End PBXFileReference section */

/* Begin PBXFrameworksBuildPhase section */
		3060F1062BC2A73D00C78882 /* Frameworks */ = {
			isa = PBXFrameworksBuildPhase;
			buildActionMask = 2147483647;
			files = (
				3060F1462BC2AADB00C78882 /* FirebaseFirestoreSwift in Frameworks */,
				3060F1422BC2AADB00C78882 /* FirebaseCrashlytics in Frameworks */,
				3060F1482BC2AADB00C78882 /* FirebasePerformance in Frameworks */,
				3060F1442BC2AADB00C78882 /* FirebaseFirestore in Frameworks */,
				3060F14A2BC2AADB00C78882 /* FirebaseStorage in Frameworks */,
				3060F13E2BC2AADB00C78882 /* FirebaseAnalyticsWithoutAdIdSupport in Frameworks */,
				3060F1402BC2AADB00C78882 /* FirebaseAuth in Frameworks */,
			);
			runOnlyForDeploymentPostprocessing = 0;
		};
		3060F1162BC2A73E00C78882 /* Frameworks */ = {
			isa = PBXFrameworksBuildPhase;
			buildActionMask = 2147483647;
			files = (
			);
			runOnlyForDeploymentPostprocessing = 0;
		};
		3060F1202BC2A73E00C78882 /* Frameworks */ = {
			isa = PBXFrameworksBuildPhase;
			buildActionMask = 2147483647;
			files = (
			);
			runOnlyForDeploymentPostprocessing = 0;
		};
/* End PBXFrameworksBuildPhase section */

/* Begin PBXGroup section */
		3005B8A22C00F90100A53B5D /* Favorites */ = {
			isa = PBXGroup;
			children = (
				3005B8A32C00F90D00A53B5D /* FavoritesView.swift */,
			);
			path = Favorites;
			sourceTree = "<group>";
		};
		3009E3C12BC42F6E00A1F827 /* Settings */ = {
			isa = PBXGroup;
			children = (
				309653D62BCAA1A0002952C9 /* Account */,
				3009E3C22BC42F7A00A1F827 /* SettingsView.swift */,
				309653C82BCA9015002952C9 /* DataUsageSettingsView.swift */,
				309653CA2BCA9042002952C9 /* AppearanceSettingsView.swift */,
				309653CC2BCA9052002952C9 /* NotificationsSettingsView.swift */,
			);
			path = Settings;
			sourceTree = "<group>";
		};
		3026310B2C02565F00FCE669 /* Filters */ = {
			isa = PBXGroup;
			children = (
				3026310C2C0256B200FCE669 /* WardrobeFiltersView.swift */,
				302631102C02593500FCE669 /* FavoritesFiltersView.swift */,
			);
			path = Filters;
			sourceTree = "<group>";
		};
		30438F6B2BF90DB900A9BDB9 /* Outfit */ = {
			isa = PBXGroup;
			children = (
				3005B8A22C00F90100A53B5D /* Favorites */,
				30438F6C2BF90DC300A9BDB9 /* Picker */,
				3005B8A02C00F0F600A53B5D /* WardrobeItemView.swift */,
			);
			path = Outfit;
			sourceTree = "<group>";
		};
		30438F6C2BF90DC300A9BDB9 /* Picker */ = {
			isa = PBXGroup;
			children = (
				30438F6D2BF90DCE00A9BDB9 /* OutfitPickerView.swift */,
				30438F732BF9124600A9BDB9 /* WardrobeItemPickerView.swift */,
			);
			path = Picker;
			sourceTree = "<group>";
		};
		304E4DA72BC6D8B700C611D7 /* Models */ = {
			isa = PBXGroup;
			children = (
				304E4DA82BC6D8BF00C611D7 /* Features.swift */,
				304E4DAA2BC6DCD100C611D7 /* User.swift */,
				30438F6F2BF9117900A9BDB9 /* WardrobeItem.swift */,
				30DE26562BFA3F1900FF9829 /* WardrobeItemCategory.swift */,
				30DE26582BFA405A00FF9829 /* WardrobeItemSeason.swift */,
				30A7E69B2BFA79AD00953F2E /* WardrobeError.swift */,
			);
			path = Models;
			sourceTree = "<group>";
		};
		3060F1002BC2A73D00C78882 = {
			isa = PBXGroup;
			children = (
				3060F1532BC2B68800C78882 /* Localizable.xcstrings */,
				3060F10B2BC2A73D00C78882 /* Wardrobe */,
				3060F11C2BC2A73E00C78882 /* WardrobeTests */,
				3060F1262BC2A73E00C78882 /* WardrobeUITests */,
				3060F10A2BC2A73D00C78882 /* Products */,
			);
			sourceTree = "<group>";
		};
		3060F10A2BC2A73D00C78882 /* Products */ = {
			isa = PBXGroup;
			children = (
				3060F1092BC2A73D00C78882 /* Wardrobe.app */,
				3060F1192BC2A73E00C78882 /* WardrobeTests.xctest */,
				3060F1232BC2A73E00C78882 /* WardrobeUITests.xctest */,
			);
			name = Products;
			sourceTree = "<group>";
		};
		3060F10B2BC2A73D00C78882 /* Wardrobe */ = {
			isa = PBXGroup;
			children = (
				309653D02BCA9DB2002952C9 /* Components */,
				304E4DA72BC6D8B700C611D7 /* Models */,
				3060F1552BC2B8EC00C78882 /* Extensions */,
				3060F14F2BC2B06100C78882 /* Features */,
				3060F14B2BC2AE1F00C78882 /* Services */,
				3060F13A2BC2A97200C78882 /* GoogleService-Info.plist */,
				3060F10C2BC2A73D00C78882 /* WardrobeApp.swift */,
				3060F10E2BC2A73D00C78882 /* ContentView.swift */,
				3060F1102BC2A73E00C78882 /* Assets.xcassets */,
				3060F1122BC2A73E00C78882 /* Preview Content */,
				304E4DA32BC6D7BF00C611D7 /* Features.plist */,
			);
			path = Wardrobe;
			sourceTree = "<group>";
		};
		3060F1122BC2A73E00C78882 /* Preview Content */ = {
			isa = PBXGroup;
			children = (
				3060F1132BC2A73E00C78882 /* Preview Assets.xcassets */,
			);
			path = "Preview Content";
			sourceTree = "<group>";
		};
		3060F11C2BC2A73E00C78882 /* WardrobeTests */ = {
			isa = PBXGroup;
			children = (
				3060F11D2BC2A73E00C78882 /* WardrobeTests.swift */,
			);
			path = WardrobeTests;
			sourceTree = "<group>";
		};
		3060F1262BC2A73E00C78882 /* WardrobeUITests */ = {
			isa = PBXGroup;
			children = (
				3060F1272BC2A73E00C78882 /* WardrobeUITests.swift */,
				3060F1292BC2A73E00C78882 /* WardrobeUITestsLaunchTests.swift */,
			);
			path = WardrobeUITests;
			sourceTree = "<group>";
		};
		3060F14B2BC2AE1F00C78882 /* Services */ = {
			isa = PBXGroup;
			children = (
				3060F14D2BC2AE2F00C78882 /* AuthService.swift */,
			);
			path = Services;
			sourceTree = "<group>";
		};
		3060F14F2BC2B06100C78882 /* Features */ = {
			isa = PBXGroup;
			children = (
				3026310B2C02565F00FCE669 /* Filters */,
				30438F6B2BF90DB900A9BDB9 /* Outfit */,
				3009E3C12BC42F6E00A1F827 /* Settings */,
				3060F15D2BC2C79000C78882 /* Auth */,
				3060F1582BC2BE1A00C78882 /* Signup */,
				3060F1502BC2B06600C78882 /* Login */,
				304E4DA52BC6D80300C611D7 /* FeatureFlags.swift */,
			);
			path = Features;
			sourceTree = "<group>";
		};
		3060F1502BC2B06600C78882 /* Login */ = {
			isa = PBXGroup;
			children = (
				3060F1512BC2B07300C78882 /* LoginView.swift */,
			);
			path = Login;
			sourceTree = "<group>";
		};
		3060F1552BC2B8EC00C78882 /* Extensions */ = {
			isa = PBXGroup;
			children = (
				3060F1562BC2B8F400C78882 /* Color.swift */,
			);
			path = Extensions;
			sourceTree = "<group>";
		};
		3060F1582BC2BE1A00C78882 /* Signup */ = {
			isa = PBXGroup;
			children = (
				3060F1592BC2BE2700C78882 /* SignupView.swift */,
				3060F15B2BC2C08700C78882 /* SignupViewModel.swift */,
			);
			path = Signup;
			sourceTree = "<group>";
		};
		3060F15D2BC2C79000C78882 /* Auth */ = {
			isa = PBXGroup;
			children = (
				3060F15E2BC2C7F700C78882 /* AuthView.swift */,
			);
			path = Auth;
			sourceTree = "<group>";
		};
		309653D02BCA9DB2002952C9 /* Components */ = {
			isa = PBXGroup;
			children = (
				309653D12BCA9DB8002952C9 /* Buttons */,
			);
			path = Components;
			sourceTree = "<group>";
		};
		309653D12BCA9DB8002952C9 /* Buttons */ = {
			isa = PBXGroup;
			children = (
				309653D22BCA9DC8002952C9 /* PrimaryDestructiveButton.swift */,
				309653D42BCAA092002952C9 /* SecondaryCancelButton.swift */,
				30DE265A2BFA440C00FF9829 /* PrimaryConfirmButtonFullWidth.swift */,
				309653D92BCAA386002952C9 /* PrimaryConfirmButton.swift */,
			);
			path = Buttons;
			sourceTree = "<group>";
		};
		309653D62BCAA1A0002952C9 /* Account */ = {
			isa = PBXGroup;
			children = (
				309653C62BCA8E68002952C9 /* AccountInformationView.swift */,
				309653CE2BCA9B7B002952C9 /* AccountDeletionView.swift */,
				309653D72BCAA1B2002952C9 /* AccountChangePasswordView.swift */,
			);
			path = Account;
			sourceTree = "<group>";
		};
/* End PBXGroup section */

/* Begin PBXNativeTarget section */
		3060F1082BC2A73D00C78882 /* Wardrobe */ = {
			isa = PBXNativeTarget;
			buildConfigurationList = 3060F12D2BC2A73E00C78882 /* Build configuration list for PBXNativeTarget "Wardrobe" */;
			buildPhases = (
				3060F1052BC2A73D00C78882 /* Sources */,
				3060F1062BC2A73D00C78882 /* Frameworks */,
				3060F1072BC2A73D00C78882 /* Resources */,
			);
			buildRules = (
			);
			dependencies = (
			);
			name = Wardrobe;
			packageProductDependencies = (
				3060F13D2BC2AADB00C78882 /* FirebaseAnalyticsWithoutAdIdSupport */,
				3060F13F2BC2AADB00C78882 /* FirebaseAuth */,
				3060F1412BC2AADB00C78882 /* FirebaseCrashlytics */,
				3060F1432BC2AADB00C78882 /* FirebaseFirestore */,
				3060F1452BC2AADB00C78882 /* FirebaseFirestoreSwift */,
				3060F1472BC2AADB00C78882 /* FirebasePerformance */,
				3060F1492BC2AADB00C78882 /* FirebaseStorage */,
			);
			productName = Wardrobe;
			productReference = 3060F1092BC2A73D00C78882 /* Wardrobe.app */;
			productType = "com.apple.product-type.application";
		};
		3060F1182BC2A73E00C78882 /* WardrobeTests */ = {
			isa = PBXNativeTarget;
			buildConfigurationList = 3060F1302BC2A73E00C78882 /* Build configuration list for PBXNativeTarget "WardrobeTests" */;
			buildPhases = (
				3060F1152BC2A73E00C78882 /* Sources */,
				3060F1162BC2A73E00C78882 /* Frameworks */,
				3060F1172BC2A73E00C78882 /* Resources */,
			);
			buildRules = (
			);
			dependencies = (
				3060F11B2BC2A73E00C78882 /* PBXTargetDependency */,
			);
			name = WardrobeTests;
			productName = WardrobeTests;
			productReference = 3060F1192BC2A73E00C78882 /* WardrobeTests.xctest */;
			productType = "com.apple.product-type.bundle.unit-test";
		};
		3060F1222BC2A73E00C78882 /* WardrobeUITests */ = {
			isa = PBXNativeTarget;
			buildConfigurationList = 3060F1332BC2A73E00C78882 /* Build configuration list for PBXNativeTarget "WardrobeUITests" */;
			buildPhases = (
				3060F11F2BC2A73E00C78882 /* Sources */,
				3060F1202BC2A73E00C78882 /* Frameworks */,
				3060F1212BC2A73E00C78882 /* Resources */,
			);
			buildRules = (
			);
			dependencies = (
				3060F1252BC2A73E00C78882 /* PBXTargetDependency */,
			);
			name = WardrobeUITests;
			productName = WardrobeUITests;
			productReference = 3060F1232BC2A73E00C78882 /* WardrobeUITests.xctest */;
			productType = "com.apple.product-type.bundle.ui-testing";
		};
/* End PBXNativeTarget section */

/* Begin PBXProject section */
		3060F1012BC2A73D00C78882 /* Project object */ = {
			isa = PBXProject;
			attributes = {
				BuildIndependentTargetsInParallel = 1;
				LastSwiftUpdateCheck = 1530;
				LastUpgradeCheck = 1530;
				TargetAttributes = {
					3060F1082BC2A73D00C78882 = {
						CreatedOnToolsVersion = 15.3;
					};
					3060F1182BC2A73E00C78882 = {
						CreatedOnToolsVersion = 15.3;
						TestTargetID = 3060F1082BC2A73D00C78882;
					};
					3060F1222BC2A73E00C78882 = {
						CreatedOnToolsVersion = 15.3;
						TestTargetID = 3060F1082BC2A73D00C78882;
					};
				};
			};
			buildConfigurationList = 3060F1042BC2A73D00C78882 /* Build configuration list for PBXProject "Wardrobe" */;
			compatibilityVersion = "Xcode 14.0";
			developmentRegion = de;
			hasScannedForEncodings = 0;
			knownRegions = (
				en,
				Base,
				de,
			);
			mainGroup = 3060F1002BC2A73D00C78882;
			packageReferences = (
				3060F13C2BC2AADB00C78882 /* XCRemoteSwiftPackageReference "firebase-ios-sdk" */,
			);
			productRefGroup = 3060F10A2BC2A73D00C78882 /* Products */;
			projectDirPath = "";
			projectRoot = "";
			targets = (
				3060F1082BC2A73D00C78882 /* Wardrobe */,
				3060F1182BC2A73E00C78882 /* WardrobeTests */,
				3060F1222BC2A73E00C78882 /* WardrobeUITests */,
			);
		};
/* End PBXProject section */

/* Begin PBXResourcesBuildPhase section */
		3060F1072BC2A73D00C78882 /* Resources */ = {
			isa = PBXResourcesBuildPhase;
			buildActionMask = 2147483647;
			files = (
				3060F1142BC2A73E00C78882 /* Preview Assets.xcassets in Resources */,
				3060F13B2BC2A97200C78882 /* GoogleService-Info.plist in Resources */,
				3060F1542BC2B68800C78882 /* Localizable.xcstrings in Resources */,
				3060F1112BC2A73E00C78882 /* Assets.xcassets in Resources */,
				304E4DA42BC6D7BF00C611D7 /* Features.plist in Resources */,
			);
			runOnlyForDeploymentPostprocessing = 0;
		};
		3060F1172BC2A73E00C78882 /* Resources */ = {
			isa = PBXResourcesBuildPhase;
			buildActionMask = 2147483647;
			files = (
			);
			runOnlyForDeploymentPostprocessing = 0;
		};
		3060F1212BC2A73E00C78882 /* Resources */ = {
			isa = PBXResourcesBuildPhase;
			buildActionMask = 2147483647;
			files = (
			);
			runOnlyForDeploymentPostprocessing = 0;
		};
/* End PBXResourcesBuildPhase section */

/* Begin PBXSourcesBuildPhase section */
		3060F1052BC2A73D00C78882 /* Sources */ = {
			isa = PBXSourcesBuildPhase;
			buildActionMask = 2147483647;
			files = (
				309653CD2BCA9052002952C9 /* NotificationsSettingsView.swift in Sources */,
				309653CF2BCA9B7B002952C9 /* AccountDeletionView.swift in Sources */,
				3060F15A2BC2BE2700C78882 /* SignupView.swift in Sources */,
				309653C72BCA8E68002952C9 /* AccountInformationView.swift in Sources */,
				30438F702BF9117900A9BDB9 /* WardrobeItem.swift in Sources */,
				3060F14E2BC2AE2F00C78882 /* AuthService.swift in Sources */,
				309653DA2BCAA386002952C9 /* PrimaryConfirmButton.swift in Sources */,
				3026310D2C0256B200FCE669 /* WardrobeFiltersView.swift in Sources */,
				3060F10F2BC2A73D00C78882 /* ContentView.swift in Sources */,
				3009E3C32BC42F7A00A1F827 /* SettingsView.swift in Sources */,
				309653D82BCAA1B2002952C9 /* AccountChangePasswordView.swift in Sources */,
				30DE265B2BFA440C00FF9829 /* PrimaryConfirmButtonFullWidth.swift in Sources */,
				304E4DA62BC6D80300C611D7 /* FeatureFlags.swift in Sources */,
				3060F15C2BC2C08700C78882 /* SignupViewModel.swift in Sources */,
				30DE26572BFA3F1900FF9829 /* WardrobeItemCategory.swift in Sources */,
				30A7E69C2BFA79AD00953F2E /* WardrobeError.swift in Sources */,
				309653C92BCA9015002952C9 /* DataUsageSettingsView.swift in Sources */,
				3005B8A12C00F0F600A53B5D /* WardrobeItemView.swift in Sources */,
				30438F742BF9124600A9BDB9 /* WardrobeItemPickerView.swift in Sources */,
				3060F1522BC2B07300C78882 /* LoginView.swift in Sources */,
				3060F1572BC2B8F400C78882 /* Color.swift in Sources */,
				3005B8A42C00F90D00A53B5D /* FavoritesView.swift in Sources */,
				30DE26592BFA405A00FF9829 /* WardrobeItemSeason.swift in Sources */,
				304E4DAB2BC6DCD100C611D7 /* User.swift in Sources */,
				309653D32BCA9DC8002952C9 /* PrimaryDestructiveButton.swift in Sources */,
				3060F15F2BC2C7F700C78882 /* AuthView.swift in Sources */,
				302631112C02593500FCE669 /* FavoritesFiltersView.swift in Sources */,
				309653D52BCAA092002952C9 /* SecondaryCancelButton.swift in Sources */,
				3060F10D2BC2A73D00C78882 /* WardrobeApp.swift in Sources */,
				304E4DA92BC6D8BF00C611D7 /* Features.swift in Sources */,
				309653CB2BCA9042002952C9 /* AppearanceSettingsView.swift in Sources */,
				30438F6E2BF90DCE00A9BDB9 /* OutfitPickerView.swift in Sources */,
			);
			runOnlyForDeploymentPostprocessing = 0;
		};
		3060F1152BC2A73E00C78882 /* Sources */ = {
			isa = PBXSourcesBuildPhase;
			buildActionMask = 2147483647;
			files = (
				3060F11E2BC2A73E00C78882 /* WardrobeTests.swift in Sources */,
			);
			runOnlyForDeploymentPostprocessing = 0;
		};
		3060F11F2BC2A73E00C78882 /* Sources */ = {
			isa = PBXSourcesBuildPhase;
			buildActionMask = 2147483647;
			files = (
				3060F12A2BC2A73E00C78882 /* WardrobeUITestsLaunchTests.swift in Sources */,
				3060F1282BC2A73E00C78882 /* WardrobeUITests.swift in Sources */,
			);
			runOnlyForDeploymentPostprocessing = 0;
		};
/* End PBXSourcesBuildPhase section */

/* Begin PBXTargetDependency section */
		3060F11B2BC2A73E00C78882 /* PBXTargetDependency */ = {
			isa = PBXTargetDependency;
			target = 3060F1082BC2A73D00C78882 /* Wardrobe */;
			targetProxy = 3060F11A2BC2A73E00C78882 /* PBXContainerItemProxy */;
		};
		3060F1252BC2A73E00C78882 /* PBXTargetDependency */ = {
			isa = PBXTargetDependency;
			target = 3060F1082BC2A73D00C78882 /* Wardrobe */;
			targetProxy = 3060F1242BC2A73E00C78882 /* PBXContainerItemProxy */;
		};
/* End PBXTargetDependency section */

/* Begin XCBuildConfiguration section */
		3060F12B2BC2A73E00C78882 /* Debug */ = {
			isa = XCBuildConfiguration;
			buildSettings = {
				ALWAYS_SEARCH_USER_PATHS = NO;
				ASSETCATALOG_COMPILER_GENERATE_SWIFT_ASSET_SYMBOL_EXTENSIONS = YES;
				CLANG_ANALYZER_NONNULL = YES;
				CLANG_ANALYZER_NUMBER_OBJECT_CONVERSION = YES_AGGRESSIVE;
				CLANG_CXX_LANGUAGE_STANDARD = "gnu++20";
				CLANG_ENABLE_MODULES = YES;
				CLANG_ENABLE_OBJC_ARC = YES;
				CLANG_ENABLE_OBJC_WEAK = YES;
				CLANG_WARN_BLOCK_CAPTURE_AUTORELEASING = YES;
				CLANG_WARN_BOOL_CONVERSION = YES;
				CLANG_WARN_COMMA = YES;
				CLANG_WARN_CONSTANT_CONVERSION = YES;
				CLANG_WARN_DEPRECATED_OBJC_IMPLEMENTATIONS = YES;
				CLANG_WARN_DIRECT_OBJC_ISA_USAGE = YES_ERROR;
				CLANG_WARN_DOCUMENTATION_COMMENTS = YES;
				CLANG_WARN_EMPTY_BODY = YES;
				CLANG_WARN_ENUM_CONVERSION = YES;
				CLANG_WARN_INFINITE_RECURSION = YES;
				CLANG_WARN_INT_CONVERSION = YES;
				CLANG_WARN_NON_LITERAL_NULL_CONVERSION = YES;
				CLANG_WARN_OBJC_IMPLICIT_RETAIN_SELF = YES;
				CLANG_WARN_OBJC_LITERAL_CONVERSION = YES;
				CLANG_WARN_OBJC_ROOT_CLASS = YES_ERROR;
				CLANG_WARN_QUOTED_INCLUDE_IN_FRAMEWORK_HEADER = YES;
				CLANG_WARN_RANGE_LOOP_ANALYSIS = YES;
				CLANG_WARN_STRICT_PROTOTYPES = YES;
				CLANG_WARN_SUSPICIOUS_MOVE = YES;
				CLANG_WARN_UNGUARDED_AVAILABILITY = YES_AGGRESSIVE;
				CLANG_WARN_UNREACHABLE_CODE = YES;
				CLANG_WARN__DUPLICATE_METHOD_MATCH = YES;
				COPY_PHASE_STRIP = NO;
				DEBUG_INFORMATION_FORMAT = dwarf;
				ENABLE_STRICT_OBJC_MSGSEND = YES;
				ENABLE_TESTABILITY = YES;
				ENABLE_USER_SCRIPT_SANDBOXING = YES;
				GCC_C_LANGUAGE_STANDARD = gnu17;
				GCC_DYNAMIC_NO_PIC = NO;
				GCC_NO_COMMON_BLOCKS = YES;
				GCC_OPTIMIZATION_LEVEL = 0;
				GCC_PREPROCESSOR_DEFINITIONS = (
					"DEBUG=1",
					"$(inherited)",
				);
				GCC_WARN_64_TO_32_BIT_CONVERSION = YES;
				GCC_WARN_ABOUT_RETURN_TYPE = YES_ERROR;
				GCC_WARN_UNDECLARED_SELECTOR = YES;
				GCC_WARN_UNINITIALIZED_AUTOS = YES_AGGRESSIVE;
				GCC_WARN_UNUSED_FUNCTION = YES;
				GCC_WARN_UNUSED_VARIABLE = YES;
				IPHONEOS_DEPLOYMENT_TARGET = 17.4;
				LOCALIZATION_PREFERS_STRING_CATALOGS = YES;
				MTL_ENABLE_DEBUG_INFO = INCLUDE_SOURCE;
				MTL_FAST_MATH = YES;
				ONLY_ACTIVE_ARCH = YES;
				SDKROOT = iphoneos;
				SWIFT_ACTIVE_COMPILATION_CONDITIONS = "DEBUG $(inherited)";
				SWIFT_OPTIMIZATION_LEVEL = "-Onone";
			};
			name = Debug;
		};
		3060F12C2BC2A73E00C78882 /* Release */ = {
			isa = XCBuildConfiguration;
			buildSettings = {
				ALWAYS_SEARCH_USER_PATHS = NO;
				ASSETCATALOG_COMPILER_GENERATE_SWIFT_ASSET_SYMBOL_EXTENSIONS = YES;
				CLANG_ANALYZER_NONNULL = YES;
				CLANG_ANALYZER_NUMBER_OBJECT_CONVERSION = YES_AGGRESSIVE;
				CLANG_CXX_LANGUAGE_STANDARD = "gnu++20";
				CLANG_ENABLE_MODULES = YES;
				CLANG_ENABLE_OBJC_ARC = YES;
				CLANG_ENABLE_OBJC_WEAK = YES;
				CLANG_WARN_BLOCK_CAPTURE_AUTORELEASING = YES;
				CLANG_WARN_BOOL_CONVERSION = YES;
				CLANG_WARN_COMMA = YES;
				CLANG_WARN_CONSTANT_CONVERSION = YES;
				CLANG_WARN_DEPRECATED_OBJC_IMPLEMENTATIONS = YES;
				CLANG_WARN_DIRECT_OBJC_ISA_USAGE = YES_ERROR;
				CLANG_WARN_DOCUMENTATION_COMMENTS = YES;
				CLANG_WARN_EMPTY_BODY = YES;
				CLANG_WARN_ENUM_CONVERSION = YES;
				CLANG_WARN_INFINITE_RECURSION = YES;
				CLANG_WARN_INT_CONVERSION = YES;
				CLANG_WARN_NON_LITERAL_NULL_CONVERSION = YES;
				CLANG_WARN_OBJC_IMPLICIT_RETAIN_SELF = YES;
				CLANG_WARN_OBJC_LITERAL_CONVERSION = YES;
				CLANG_WARN_OBJC_ROOT_CLASS = YES_ERROR;
				CLANG_WARN_QUOTED_INCLUDE_IN_FRAMEWORK_HEADER = YES;
				CLANG_WARN_RANGE_LOOP_ANALYSIS = YES;
				CLANG_WARN_STRICT_PROTOTYPES = YES;
				CLANG_WARN_SUSPICIOUS_MOVE = YES;
				CLANG_WARN_UNGUARDED_AVAILABILITY = YES_AGGRESSIVE;
				CLANG_WARN_UNREACHABLE_CODE = YES;
				CLANG_WARN__DUPLICATE_METHOD_MATCH = YES;
				COPY_PHASE_STRIP = NO;
				DEBUG_INFORMATION_FORMAT = "dwarf-with-dsym";
				ENABLE_NS_ASSERTIONS = NO;
				ENABLE_STRICT_OBJC_MSGSEND = YES;
				ENABLE_USER_SCRIPT_SANDBOXING = YES;
				GCC_C_LANGUAGE_STANDARD = gnu17;
				GCC_NO_COMMON_BLOCKS = YES;
				GCC_WARN_64_TO_32_BIT_CONVERSION = YES;
				GCC_WARN_ABOUT_RETURN_TYPE = YES_ERROR;
				GCC_WARN_UNDECLARED_SELECTOR = YES;
				GCC_WARN_UNINITIALIZED_AUTOS = YES_AGGRESSIVE;
				GCC_WARN_UNUSED_FUNCTION = YES;
				GCC_WARN_UNUSED_VARIABLE = YES;
				IPHONEOS_DEPLOYMENT_TARGET = 17.4;
				LOCALIZATION_PREFERS_STRING_CATALOGS = YES;
				MTL_ENABLE_DEBUG_INFO = NO;
				MTL_FAST_MATH = YES;
				SDKROOT = iphoneos;
				SWIFT_COMPILATION_MODE = wholemodule;
				VALIDATE_PRODUCT = YES;
			};
			name = Release;
		};
		3060F12E2BC2A73E00C78882 /* Debug */ = {
			isa = XCBuildConfiguration;
			buildSettings = {
				ASSETCATALOG_COMPILER_APPICON_NAME = AppIcon;
				ASSETCATALOG_COMPILER_GLOBAL_ACCENT_COLOR_NAME = AccentColor;
				CODE_SIGN_STYLE = Automatic;
				CURRENT_PROJECT_VERSION = 1;
				DEVELOPMENT_ASSET_PATHS = "\"Wardrobe/Preview Content\"";
				DEVELOPMENT_TEAM = HS8PVR3BLT;
				ENABLE_PREVIEWS = YES;
				GENERATE_INFOPLIST_FILE = YES;
				INFOPLIST_KEY_UIApplicationSceneManifest_Generation = YES;
				INFOPLIST_KEY_UIApplicationSupportsIndirectInputEvents = YES;
				INFOPLIST_KEY_UILaunchScreen_Generation = YES;
				INFOPLIST_KEY_UISupportedInterfaceOrientations = UIInterfaceOrientationPortrait;
				INFOPLIST_KEY_UISupportedInterfaceOrientations_iPad = "UIInterfaceOrientationLandscapeLeft UIInterfaceOrientationLandscapeRight UIInterfaceOrientationPortrait UIInterfaceOrientationPortraitUpsideDown";
				LD_RUNPATH_SEARCH_PATHS = (
					"$(inherited)",
					"@executable_path/Frameworks",
				);
				MARKETING_VERSION = 1.0;
				PRODUCT_BUNDLE_IDENTIFIER = craftcode.Wardrobe;
				PRODUCT_NAME = "$(TARGET_NAME)";
				SUPPORTED_PLATFORMS = "iphoneos iphonesimulator";
				SUPPORTS_MACCATALYST = NO;
				SUPPORTS_MAC_DESIGNED_FOR_IPHONE_IPAD = NO;
				SUPPORTS_XR_DESIGNED_FOR_IPHONE_IPAD = NO;
				SWIFT_EMIT_LOC_STRINGS = YES;
				SWIFT_VERSION = 5.0;
				TARGETED_DEVICE_FAMILY = 1;
			};
			name = Debug;
		};
		3060F12F2BC2A73E00C78882 /* Release */ = {
			isa = XCBuildConfiguration;
			buildSettings = {
				ASSETCATALOG_COMPILER_APPICON_NAME = AppIcon;
				ASSETCATALOG_COMPILER_GLOBAL_ACCENT_COLOR_NAME = AccentColor;
				CODE_SIGN_STYLE = Automatic;
				CURRENT_PROJECT_VERSION = 1;
				DEVELOPMENT_ASSET_PATHS = "\"Wardrobe/Preview Content\"";
				DEVELOPMENT_TEAM = HS8PVR3BLT;
				ENABLE_PREVIEWS = YES;
				GENERATE_INFOPLIST_FILE = YES;
				INFOPLIST_KEY_UIApplicationSceneManifest_Generation = YES;
				INFOPLIST_KEY_UIApplicationSupportsIndirectInputEvents = YES;
				INFOPLIST_KEY_UILaunchScreen_Generation = YES;
				INFOPLIST_KEY_UISupportedInterfaceOrientations = UIInterfaceOrientationPortrait;
				INFOPLIST_KEY_UISupportedInterfaceOrientations_iPad = "UIInterfaceOrientationLandscapeLeft UIInterfaceOrientationLandscapeRight UIInterfaceOrientationPortrait UIInterfaceOrientationPortraitUpsideDown";
				LD_RUNPATH_SEARCH_PATHS = (
					"$(inherited)",
					"@executable_path/Frameworks",
				);
				MARKETING_VERSION = 1.0;
				PRODUCT_BUNDLE_IDENTIFIER = craftcode.Wardrobe;
				PRODUCT_NAME = "$(TARGET_NAME)";
				SUPPORTED_PLATFORMS = "iphoneos iphonesimulator";
				SUPPORTS_MACCATALYST = NO;
				SUPPORTS_MAC_DESIGNED_FOR_IPHONE_IPAD = NO;
				SUPPORTS_XR_DESIGNED_FOR_IPHONE_IPAD = NO;
				SWIFT_EMIT_LOC_STRINGS = YES;
				SWIFT_VERSION = 5.0;
				TARGETED_DEVICE_FAMILY = 1;
			};
			name = Release;
		};
		3060F1312BC2A73E00C78882 /* Debug */ = {
			isa = XCBuildConfiguration;
			buildSettings = {
				ALWAYS_EMBED_SWIFT_STANDARD_LIBRARIES = YES;
				BUNDLE_LOADER = "$(TEST_HOST)";
				CODE_SIGN_STYLE = Automatic;
				CURRENT_PROJECT_VERSION = 1;
				DEVELOPMENT_TEAM = HS8PVR3BLT;
				GENERATE_INFOPLIST_FILE = YES;
				IPHONEOS_DEPLOYMENT_TARGET = 17.4;
				MARKETING_VERSION = 1.0;
				PRODUCT_BUNDLE_IDENTIFIER = craftcode.WardrobeTests;
				PRODUCT_NAME = "$(TARGET_NAME)";
				SWIFT_EMIT_LOC_STRINGS = NO;
				SWIFT_VERSION = 5.0;
				TARGETED_DEVICE_FAMILY = "1,2";
				TEST_HOST = "$(BUILT_PRODUCTS_DIR)/Wardrobe.app/$(BUNDLE_EXECUTABLE_FOLDER_PATH)/Wardrobe";
			};
			name = Debug;
		};
		3060F1322BC2A73E00C78882 /* Release */ = {
			isa = XCBuildConfiguration;
			buildSettings = {
				ALWAYS_EMBED_SWIFT_STANDARD_LIBRARIES = YES;
				BUNDLE_LOADER = "$(TEST_HOST)";
				CODE_SIGN_STYLE = Automatic;
				CURRENT_PROJECT_VERSION = 1;
				DEVELOPMENT_TEAM = HS8PVR3BLT;
				GENERATE_INFOPLIST_FILE = YES;
				IPHONEOS_DEPLOYMENT_TARGET = 17.4;
				MARKETING_VERSION = 1.0;
				PRODUCT_BUNDLE_IDENTIFIER = craftcode.WardrobeTests;
				PRODUCT_NAME = "$(TARGET_NAME)";
				SWIFT_EMIT_LOC_STRINGS = NO;
				SWIFT_VERSION = 5.0;
				TARGETED_DEVICE_FAMILY = "1,2";
				TEST_HOST = "$(BUILT_PRODUCTS_DIR)/Wardrobe.app/$(BUNDLE_EXECUTABLE_FOLDER_PATH)/Wardrobe";
			};
			name = Release;
		};
		3060F1342BC2A73E00C78882 /* Debug */ = {
			isa = XCBuildConfiguration;
			buildSettings = {
				ALWAYS_EMBED_SWIFT_STANDARD_LIBRARIES = YES;
				CODE_SIGN_STYLE = Automatic;
				CURRENT_PROJECT_VERSION = 1;
				DEVELOPMENT_TEAM = HS8PVR3BLT;
				GENERATE_INFOPLIST_FILE = YES;
				MARKETING_VERSION = 1.0;
				PRODUCT_BUNDLE_IDENTIFIER = craftcode.WardrobeUITests;
				PRODUCT_NAME = "$(TARGET_NAME)";
				SWIFT_EMIT_LOC_STRINGS = NO;
				SWIFT_VERSION = 5.0;
				TARGETED_DEVICE_FAMILY = "1,2";
				TEST_TARGET_NAME = Wardrobe;
			};
			name = Debug;
		};
		3060F1352BC2A73E00C78882 /* Release */ = {
			isa = XCBuildConfiguration;
			buildSettings = {
				ALWAYS_EMBED_SWIFT_STANDARD_LIBRARIES = YES;
				CODE_SIGN_STYLE = Automatic;
				CURRENT_PROJECT_VERSION = 1;
				DEVELOPMENT_TEAM = HS8PVR3BLT;
				GENERATE_INFOPLIST_FILE = YES;
				MARKETING_VERSION = 1.0;
				PRODUCT_BUNDLE_IDENTIFIER = craftcode.WardrobeUITests;
				PRODUCT_NAME = "$(TARGET_NAME)";
				SWIFT_EMIT_LOC_STRINGS = NO;
				SWIFT_VERSION = 5.0;
				TARGETED_DEVICE_FAMILY = "1,2";
				TEST_TARGET_NAME = Wardrobe;
			};
			name = Release;
		};
/* End XCBuildConfiguration section */

/* Begin XCConfigurationList section */
		3060F1042BC2A73D00C78882 /* Build configuration list for PBXProject "Wardrobe" */ = {
			isa = XCConfigurationList;
			buildConfigurations = (
				3060F12B2BC2A73E00C78882 /* Debug */,
				3060F12C2BC2A73E00C78882 /* Release */,
			);
			defaultConfigurationIsVisible = 0;
			defaultConfigurationName = Release;
		};
		3060F12D2BC2A73E00C78882 /* Build configuration list for PBXNativeTarget "Wardrobe" */ = {
			isa = XCConfigurationList;
			buildConfigurations = (
				3060F12E2BC2A73E00C78882 /* Debug */,
				3060F12F2BC2A73E00C78882 /* Release */,
			);
			defaultConfigurationIsVisible = 0;
			defaultConfigurationName = Release;
		};
		3060F1302BC2A73E00C78882 /* Build configuration list for PBXNativeTarget "WardrobeTests" */ = {
			isa = XCConfigurationList;
			buildConfigurations = (
				3060F1312BC2A73E00C78882 /* Debug */,
				3060F1322BC2A73E00C78882 /* Release */,
			);
			defaultConfigurationIsVisible = 0;
			defaultConfigurationName = Release;
		};
		3060F1332BC2A73E00C78882 /* Build configuration list for PBXNativeTarget "WardrobeUITests" */ = {
			isa = XCConfigurationList;
			buildConfigurations = (
				3060F1342BC2A73E00C78882 /* Debug */,
				3060F1352BC2A73E00C78882 /* Release */,
			);
			defaultConfigurationIsVisible = 0;
			defaultConfigurationName = Release;
		};
/* End XCConfigurationList section */

/* Begin XCRemoteSwiftPackageReference section */
		3060F13C2BC2AADB00C78882 /* XCRemoteSwiftPackageReference "firebase-ios-sdk" */ = {
			isa = XCRemoteSwiftPackageReference;
			repositoryURL = "https://github.com/firebase/firebase-ios-sdk";
			requirement = {
				kind = upToNextMajorVersion;
				minimumVersion = 10.23.1;
			};
		};
/* End XCRemoteSwiftPackageReference section */

/* Begin XCSwiftPackageProductDependency section */
		3060F13D2BC2AADB00C78882 /* FirebaseAnalyticsWithoutAdIdSupport */ = {
			isa = XCSwiftPackageProductDependency;
			package = 3060F13C2BC2AADB00C78882 /* XCRemoteSwiftPackageReference "firebase-ios-sdk" */;
			productName = FirebaseAnalyticsWithoutAdIdSupport;
		};
		3060F13F2BC2AADB00C78882 /* FirebaseAuth */ = {
			isa = XCSwiftPackageProductDependency;
			package = 3060F13C2BC2AADB00C78882 /* XCRemoteSwiftPackageReference "firebase-ios-sdk" */;
			productName = FirebaseAuth;
		};
		3060F1412BC2AADB00C78882 /* FirebaseCrashlytics */ = {
			isa = XCSwiftPackageProductDependency;
			package = 3060F13C2BC2AADB00C78882 /* XCRemoteSwiftPackageReference "firebase-ios-sdk" */;
			productName = FirebaseCrashlytics;
		};
		3060F1432BC2AADB00C78882 /* FirebaseFirestore */ = {
			isa = XCSwiftPackageProductDependency;
			package = 3060F13C2BC2AADB00C78882 /* XCRemoteSwiftPackageReference "firebase-ios-sdk" */;
			productName = FirebaseFirestore;
		};
		3060F1452BC2AADB00C78882 /* FirebaseFirestoreSwift */ = {
			isa = XCSwiftPackageProductDependency;
			package = 3060F13C2BC2AADB00C78882 /* XCRemoteSwiftPackageReference "firebase-ios-sdk" */;
			productName = FirebaseFirestoreSwift;
		};
		3060F1472BC2AADB00C78882 /* FirebasePerformance */ = {
			isa = XCSwiftPackageProductDependency;
			package = 3060F13C2BC2AADB00C78882 /* XCRemoteSwiftPackageReference "firebase-ios-sdk" */;
			productName = FirebasePerformance;
		};
		3060F1492BC2AADB00C78882 /* FirebaseStorage */ = {
			isa = XCSwiftPackageProductDependency;
			package = 3060F13C2BC2AADB00C78882 /* XCRemoteSwiftPackageReference "firebase-ios-sdk" */;
			productName = FirebaseStorage;
		};
/* End XCSwiftPackageProductDependency section */
	};
	rootObject = 3060F1012BC2A73D00C78882 /* Project object */;
}
